// !$*UTF8*$!
{
	archiveVersion = 1;
	classes = {
	};
	objectVersion = 56;
	objects = {

/* Begin PBXBuildFile section */
		FD0000000000000000000020 /* App.swift in Sources */ = {isa = PBXBuildFile; fileRef = FD0000000000000000000010 /* App.swift */; };
		FD0000000000000000000021 /* LoginView.swift in Sources */ = {isa = PBXBuildFile; fileRef = FD0000000000000000000011 /* LoginView.swift */; };
		FD0000000000000000000022 /* MainView.swift in Sources */ = {isa = PBXBuildFile; fileRef = FD0000000000000000000012 /* MainView.swift */; };
		FD0000000000000000000023 /* DevicesViews.swift in Sources */ = {isa = PBXBuildFile; fileRef = FD0000000000000000000013 /* DevicesViews.swift */; };
		FD0000000000000000000024 /* ChatViews.swift in Sources */ = {isa = PBXBuildFile; fileRef = FD0000000000000000000014 /* ChatViews.swift */; };
		FD0000000000000000000025 /* NoticeView.swift in Sources */ = {isa = PBXBuildFile; fileRef = FD0000000000000000000015 /* NoticeView.swift */; };
/* End PBXBuildFile section */

/* Begin PBXFileReference section */
		FD0000000000000000000010 /* App.swift */ = {isa = PBXFileReference; lastKnownFileType = sourcecode.swift; path = App.swift; sourceTree = "<group>"; };
		FD0000000000000000000011 /* LoginView.swift */ = {isa = PBXFileReference; lastKnownFileType = sourcecode.swift; path = LoginView.swift; sourceTree = "<group>"; };
		FD0000000000000000000012 /* MainView.swift */ = {isa = PBXFileReference; lastKnownFileType = sourcecode.swift; path = MainView.swift; sourceTree = "<group>"; };
		FD0000000000000000000013 /* DevicesViews.swift */ = {isa = PBXFileReference; lastKnownFileType = sourcecode.swift; path = DevicesViews.swift; sourceTree = "<group>"; };
		FD0000000000000000000014 /* ChatViews.swift */ = {isa = PBXFileReference; lastKnownFileType = sourcecode.swift; path = ChatViews.swift; sourceTree = "<group>"; };
		FD0000000000000000000015 /* NoticeView.swift */ = {isa = PBXFileReference; lastKnownFileType = sourcecode.swift; path = NoticeView.swift; sourceTree = "<group>"; };
		FD0000000000000000000016 /* Info.plist */ = {isa = PBXFileReference; lastKnownFileType = text.plist.xml; path = Info.plist; sourceTree = "<group>"; };
		FD0000000000000000000005 /* YingshiDeviceMgr.app */ = {isa = PBXFileReference; explicitFileType = wrapper.application; includeInIndex = 0; path = YingshiDeviceMgr.app; sourceTree = BUILT_PRODUCTS_DIR; };
/* End PBXFileReference section */

/* Begin PBXFrameworksBuildPhase section */
		FD0000000000000000000008 /* Frameworks */ = {
			isa = PBXFrameworksBuildPhase;
			buildActionMask = 2147483647;
			files = (
			);
			runOnlyForDeploymentPostprocessing = 0;
		};
/* End PBXFrameworksBuildPhase section */

/* Begin PBXGroup section */
		FD0000000000000000000002 /* = mainGroup */ = {
			isa = PBXGroup;
			children = (
				FD000000000000000000000F /* YingshiDeviceMgr */,
				FD0000000000000000000003 /* Products */,
			);
			sourceTree = "<group>";
		};
		FD0000000000000000000003 /* Products */ = {
			isa = PBXGroup;
			children = (
				FD0000000000000000000005 /* YingshiDeviceMgr.app */,
			);
			name = Products;
			sourceTree = "<group>";
		};
		FD000000000000000000000F /* YingshiDeviceMgr */ = {
			isa = PBXGroup;
			children = (
				FD0000000000000000000010 /* App.swift */,
				FD0000000000000000000011 /* LoginView.swift */,
				FD0000000000000000000012 /* MainView.swift */,
				FD0000000000000000000013 /* DevicesViews.swift */,
				FD0000000000000000000014 /* ChatViews.swift */,
				FD0000000000000000000015 /* NoticeView.swift */,
				FD0000000000000000000016 /* Info.plist */,
			);
			path = YingshiDeviceMgr;
			sourceTree = "<group>";
		};
/* End PBXGroup section */

/* Begin PBXNativeTarget section */
		FD0000000000000000000004 /* YingshiDeviceMgr */ = {
			isa = PBXNativeTarget;
			buildConfigurationList = FD000000000000000000000C /* Build configuration list for PBXNativeTarget "YingshiDeviceMgr" */;
			buildPhases = (
				FD0000000000000000000006 /* Sources */,
				FD0000000000000000000008 /* Frameworks */,
				FD0000000000000000000007 /* Resources */,
			);
			buildRules = (
			);
			dependencies = (
			);
			name = YingshiDeviceMgr;
			productName = YingshiDeviceMgr;
			productReference = FD0000000000000000000005 /* YingshiDeviceMgr.app */;
			productType = "com.apple.product-type.application";
		};
/* End PBXNativeTarget section */

/* Begin PBXProject section */
		FD0000000000000000000001 /* Project object */ = {
			isa = PBXProject;
			attributes = {
				BuildIndependentTargetsInParallel = 1;
				LastUpgradeCheck = 1500;
				TargetAttributes = {
					FD0000000000000000000004 = {
						CreatedOnToolsVersion = 15.0;
					};
				};
			};
			buildConfigurationList = FD0000000000000000000009 /* Build configuration list for PBXProject "YingshiDeviceMgr" */;
			compatibilityVersion = "Xcode 14.0";
			developmentRegion = "zh-Hans";
			hasScannedForEncodings = 0;
			knownRegions = (
				en,
				Base,
				"zh-Hans",
			);
			mainGroup = FD0000000000000000000002;
			productRefGroup = FD0000000000000000000003 /* Products */;
			projectDirPath = "";
			projectRoot = "";
			targets = (
				FD0000000000000000000004 /* YingshiDeviceMgr */,
			);
		};
/* End PBXProject section */

/* Begin PBXResourcesBuildPhase section */
		FD0000000000000000000007 /* Resources */ = {
			isa = PBXResourcesBuildPhase;
			buildActionMask = 2147483647;
			files = (
			);
			runOnlyForDeploymentPostprocessing = 0;
		};
/* End PBXResourcesBuildPhase section */

/* Begin PBXSourcesBuildPhase section */
		FD0000000000000000000006 /* Sources */ = {
			isa = PBXSourcesBuildPhase;
			buildActionMask = 2147483647;
			files = (
				FD0000000000000000000020 /* App.swift in Sources */,
				FD0000000000000000000021 /* LoginView.swift in Sources */,
				FD0000000000000000000022 /* MainView.swift in Sources */,
				FD0000000000000000000023 /* DevicesViews.swift in Sources */,
				FD0000000000000000000024 /* ChatViews.swift in Sources */,
				FD0000000000000000000025 /* NoticeView.swift in Sources */,
			);
			runOnlyForDeploymentPostprocessing = 0;
		};
/* End PBXSourcesBuildPhase section */

/* Begin XCBuildConfiguration section */
		FD000000000000000000000A /* Debug */ = {
			isa = XCBuildConfiguration;
			buildSettings = {
				ALWAYS_SEARCH_USER_PATHS = NO;
				CLANG_ANALYZER_NONNULL = YES;
				CLANG_CXX_LANGUAGE_STANDARD = "gnu++20";
				CLANG_ENABLE_MODULES = YES;
				CLANG_ENABLE_OBJC_ARC = YES;
				COPY_PHASE_STRIP = NO;
				DEBUG_INFORMATION_FORMAT = dwarf;
				ENABLE_STRICT_OBJC_MSGSEND = YES;
				ENABLE_TESTABILITY = YES;
				GCC_C_LANGUAGE_STANDARD = gnu17;
				GCC_DYNAMIC_NO_PIC = NO;
				GCC_OPTIMIZATION_LEVEL = 0;
				GCC_PREPROCESSOR_DEFINITIONS = (
					"DEBUG=1",
					"$(inherited)",
				);
				GCC_WARN_64_TO_32_BIT_CONVERSION = YES;
				GCC_WARN_ABOUT_RETURN_TYPE = YES_ERROR;
				GCC_WARN_UNINITIALIZED_AUTOS = YES_AGGRESSIVE;
				GCC_WARN_UNUSED_FUNCTION = YES;
				GCC_WARN_UNUSED_VARIABLE = YES;
				IPHONEOS_DEPLOYMENT_TARGET = 16.0;
				MTL_ENABLE_DEBUG_INFO = INCLUDE_SOURCE;
				ONLY_ACTIVE_ARCH = YES;
				SDKROOT = iphoneos;
				SWIFT_ACTIVE_COMPILATION_CONDITIONS = "DEBUG $(inherited)";
				SWIFT_OPTIMIZATION_LEVEL = "-Onone";
			};
			name = Debug;
		};
		FD000000000000000000000B /* Release */ = {
			isa = XCBuildConfiguration;
			buildSettings = {
				ALWAYS_SEARCH_USER_PATHS = NO;
				CLANG_ANALYZER_NONNULL = YES;
				CLANG_CXX_LANGUAGE_STANDARD = "gnu++20";
				CLANG_ENABLE_MODULES = YES;
				CLANG_ENABLE_OBJC_ARC = YES;
				COPY_PHASE_STRIP = NO;
				DEBUG_INFORMATION_FORMAT = "dwarf-with-dsym";
				ENABLE_NS_ASSERTIONS = NO;
				ENABLE_STRICT_OBJC_MSGSEND = YES;
				GCC_C_LANGUAGE_STANDARD = gnu17;
				GCC_WARN_64_TO_32_BIT_CONVERSION = YES;
				GCC_WARN_ABOUT_RETURN_TYPE = YES_ERROR;
				GCC_WARN_UNINITIALIZED_AUTOS = YES_AGGRESSIVE;
				GCC_WARN_UNUSED_FUNCTION = YES;
				GCC_WARN_UNUSED_VARIABLE = YES;
				IPHONEOS_DEPLOYMENT_TARGET = 16.0;
				MTL_ENABLE_DEBUG_INFO = NO;
				SDKROOT = iphoneos;
				SWIFT_COMPILATION_MODE = wholemodule;
				SWIFT_OPTIMIZATION_LEVEL = "-O";
				VALIDATE_PRODUCT = YES;
			};
			name = Release;
		};
		FD000000000000000000000D /* Debug */ = {
			isa = XCBuildConfiguration;
			buildSettings = {
				CURRENT_PROJECT_VERSION = 4;
				GENERATE_INFOPLIST_FILE = YES;
				INFOPLIST_FILE = YingshiDeviceMgr/Info.plist;
				INFOPLIST_KEY_UIApplicationSupportsIndirectInputEvents = YES;
				INFOPLIST_KEY_UILaunchScreen_Generation = YES;
				INFOPLIST_KEY_UISupportedInterfaceOrientations = UIInterfaceOrientationPortrait;
				LD_RUNPATH_SEARCH_PATHS = (
					"$(inherited)",
					"@executable_path/Frameworks",
				);
				MARKETING_VERSION = 4.0.0;
				PRODUCT_BUNDLE_IDENTIFIER = com.yingshi.devicemgr;
				PRODUCT_NAME = "$(TARGET_NAME)";
				SWIFT_EMIT_LOC_STRINGS = YES;
				SWIFT_VERSION = 5.0;
				TARGETED_DEVICE_FAMILY = "1,2";
			};
			name = Debug;
		};
		FD000000000000000000000E /* Release */ = {
			isa = XCBuildConfiguration;
			buildSettings = {
				CURRENT_PROJECT_VERSION = 4;
				GENERATE_INFOPLIST_FILE = YES;
				INFOPLIST_FILE = YingshiDeviceMgr/Info.plist;
				INFOPLIST_KEY_UIApplicationSupportsIndirectInputEvents = YES;
				INFOPLIST_KEY_UILaunchScreen_Generation = YES;
				INFOPLIST_KEY_UISupportedInterfaceOrientations = UIInterfaceOrientationPortrait;
				LD_RUNPATH_SEARCH_PATHS = (
					"$(inherited)",
					"@executable_path/Frameworks",
				);
				MARKETING_VERSION = 4.0.0;
				PRODUCT_BUNDLE_IDENTIFIER = com.yingshi.devicemgr;
				PRODUCT_NAME = "$(TARGET_NAME)";
				SWIFT_EMIT_LOC_STRINGS = YES;
				SWIFT_VERSION = 5.0;
				TARGETED_DEVICE_FAMILY = "1,2";
			};
			name = Release;
		};
/* End XCBuildConfiguration section */

/* Begin XCConfigurationList section */
		FD0000000000000000000009 /* Build configuration list for PBXProject "YingshiDeviceMgr" */ = {
			isa = XCConfigurationList;
			buildConfigurations = (
				FD000000000000000000000A /* Debug */,
				FD000000000000000000000B /* Release */,
			);
			defaultConfigurationIsVisible = 0;
			defaultConfigurationName = Release;
		};
		FD000000000000000000000C /* Build configuration list for PBXNativeTarget "YingshiDeviceMgr" */ = {
			isa = XCConfigurationList;
			buildConfigurations = (
				FD000000000000000000000D /* Debug */,
				FD000000000000000000000E /* Release */,
			);
			defaultConfigurationIsVisible = 0;
			defaultConfigurationName = Release;
		};
/* End XCConfigurationList section */
	};
	rootObject = FD0000000000000000000001 /* Project object */;
}
